
Microsoft Visual Studio Solution File, Format Version 12.00
# Visual Studio Version 17
VisualStudioVersion = 17.5.002.0
MinimumVisualStudioVersion = 10.0.40219.1
Project("{9A19103F-16F7-4668-BE54-9A1E7A4F7556}") = "fakefms", "fakefms.csproj", "{C84EE150-2A6C-44FD-8D20-870B8570961C}"
EndProject
Global
	GlobalSection(SolutionConfigurationPlatforms) = preSolution
		Debug|Any CPU = Debug|Any CPU
		Release|Any CPU = Release|Any CPU
	EndGlobalSection
	GlobalSection(ProjectConfigurationPlatforms) = postSolution
		{C84EE150-2A6C-44FD-8D20-870B8570961C}.Debug|Any CPU.ActiveCfg = Debug|Any CPU
		{C84EE150-2A6C-44FD-8D20-870B8570961C}.Debug|Any CPU.Build.0 = Debug|Any CPU
		{C84EE150-2A6C-44FD-8D20-870B8570961C}.Release|Any CPU.ActiveCfg = Release|Any CPU
		{C84EE150-2A6C-44FD-8D20-870B8570961C}.Release|Any CPU.Build.0 = Release|Any CPU
	EndGlobalSection
	GlobalSection(SolutionProperties) = preSolution
		HideSolutionNode = FALSE
	EndGlobalSection
	GlobalSection(ExtensibilityGlobals) = postSolution
		SolutionGuid = {4E1FC08E-4264-4F30-AEF6-6D1DC9398A55}
	EndGlobalSection
EndGlobal
